
Microsoft Visual Studio Solution File, Format Version 12.00
# Visual Studio Version 17
VisualStudioVersion = 17.7.34024.191
MinimumVisualStudioVersion = 10.0.40219.1
Project("{FAE04EC0-301F-11D3-BF4B-00C04F79EFBC}") = "SBIT3J", "SBIT3J\SBIT3J.csproj", "{DBE2EA9A-AF19-4818-A37D-A71BF9768782}"
EndProject
Global
	GlobalSection(SolutionConfigurationPlatforms) = preSolution
		Debug|Any CPU = Debug|Any CPU
		Release|Any CPU = Release|Any CPU
	EndGlobalSection
	GlobalSection(ProjectConfigurationPlatforms) = postSolution
		{DBE2EA9A-AF19-4818-A37D-A71BF9768782}.Debug|Any CPU.ActiveCfg = Debug|Any CPU
		{DBE2EA9A-AF19-4818-A37D-A71BF9768782}.Debug|Any CPU.Build.0 = Debug|Any CPU
		{DBE2EA9A-AF19-4818-A37D-A71BF9768782}.Release|Any CPU.ActiveCfg = Release|Any CPU
		{DBE2EA9A-AF19-4818-A37D-A71BF9768782}.Release|Any CPU.Build.0 = Release|Any CPU
	EndGlobalSection
	GlobalSection(SolutionProperties) = preSolution
		HideSolutionNode = FALSE
	EndGlobalSection
	GlobalSection(ExtensibilityGlobals) = postSolution
		SolutionGuid = {89121965-0874-4215-90C3-194CB42FD92A}
	EndGlobalSection
EndGlobal
